
Microsoft Visual Studio Solution File, Format Version 12.00
# Visual Studio Version 16
VisualStudioVersion = 16.0.31624.102
MinimumVisualStudioVersion = 10.0.40219.1
Project("{FAE04EC0-301F-11D3-BF4B-00C04F79EFBC}") = "FileIntegrityController", "FileIntegrityController\FileIntegrityController.csproj", "{BE084CE3-E1E3-441A-A7FB-E1DE38CBBA24}"
EndProject
Global
	GlobalSection(SolutionConfigurationPlatforms) = preSolution
		Debug|Any CPU = Debug|Any CPU
		Release|Any CPU = Release|Any CPU
	EndGlobalSection
	GlobalSection(ProjectConfigurationPlatforms) = postSolution
		{BE084CE3-E1E3-441A-A7FB-E1DE38CBBA24}.Debug|Any CPU.ActiveCfg = Debug|Any CPU
		{BE084CE3-E1E3-441A-A7FB-E1DE38CBBA24}.Debug|Any CPU.Build.0 = Debug|Any CPU
		{BE084CE3-E1E3-441A-A7FB-E1DE38CBBA24}.Release|Any CPU.ActiveCfg = Release|Any CPU
		{BE084CE3-E1E3-441A-A7FB-E1DE38CBBA24}.Release|Any CPU.Build.0 = Release|Any CPU
	EndGlobalSection
	GlobalSection(SolutionProperties) = preSolution
		HideSolutionNode = FALSE
	EndGlobalSection
	GlobalSection(ExtensibilityGlobals) = postSolution
		SolutionGuid = {E5C44B47-01E8-4D1C-8B36-F1911F7FCF35}
	EndGlobalSection
EndGlobal
